
Microsoft Visual Studio Solution File, Format Version 12.00
# Visual Studio Version 16
VisualStudioVersion = 16.0.31702.278
MinimumVisualStudioVersion = 10.0.40219.1
Project("{2150E333-8FDC-42A3-9474-1A3956D46DE8}") = "UWP-049", "UWP-049", "{823F8FD0-B587-4D01-93F1-5AAADD4269EE}"
EndProject
Project("{FAE04EC0-301F-11D3-BF4B-00C04F79EFBC}") = "UWP_049", "UWP_049\UWP_049.csproj", "{1477A221-891C-497E-9C36-D8FB59ED82CB}"
EndProject
Project("{2150E333-8FDC-42A3-9474-1A3956D46DE8}") = "UWP-050", "UWP-050", "{506C0E74-2B77-4F5F-B2C6-F021401B2128}"
EndProject
Project("{FAE04EC0-301F-11D3-BF4B-00C04F79EFBC}") = "UWP_050", "UWP_050\UWP_050.csproj", "{3A843993-200C-4253-94AA-FD6D67375E39}"
EndProject
Global
	GlobalSection(SolutionConfigurationPlatforms) = preSolution
		Debug|ARM = Debug|ARM
		Debug|ARM64 = Debug|ARM64
		Debug|x64 = Debug|x64
		Debug|x86 = Debug|x86
		Release|ARM = Release|ARM
		Release|ARM64 = Release|ARM64
		Release|x64 = Release|x64
		Release|x86 = Release|x86
	EndGlobalSection
	GlobalSection(ProjectConfigurationPlatforms) = postSolution
		{1477A221-891C-497E-9C36-D8FB59ED82CB}.Debug|ARM.ActiveCfg = Debug|ARM
		{1477A221-891C-497E-9C36-D8FB59ED82CB}.Debug|ARM.Build.0 = Debug|ARM
		{1477A221-891C-497E-9C36-D8FB59ED82CB}.Debug|ARM.Deploy.0 = Debug|ARM
		{1477A221-891C-497E-9C36-D8FB59ED82CB}.Debug|ARM64.ActiveCfg = Debug|ARM64
		{1477A221-891C-497E-9C36-D8FB59ED82CB}.Debug|ARM64.Build.0 = Debug|ARM64
		{1477A221-891C-497E-9C36-D8FB59ED82CB}.Debug|ARM64.Deploy.0 = Debug|ARM64
		{1477A221-891C-497E-9C36-D8FB59ED82CB}.Debug|x64.ActiveCfg = Debug|x64
		{1477A221-891C-497E-9C36-D8FB59ED82CB}.Debug|x64.Build.0 = Debug|x64
		{1477A221-891C-497E-9C36-D8FB59ED82CB}.Debug|x64.Deploy.0 = Debug|x64
		{1477A221-891C-497E-9C36-D8FB59ED82CB}.Debug|x86.ActiveCfg = Debug|x86
		{1477A221-891C-497E-9C36-D8FB59ED82CB}.Debug|x86.Build.0 = Debug|x86
		{1477A221-891C-497E-9C36-D8FB59ED82CB}.Debug|x86.Deploy.0 = Debug|x86
		{1477A221-891C-497E-9C36-D8FB59ED82CB}.Release|ARM.ActiveCfg = Release|ARM
		{1477A221-891C-497E-9C36-D8FB59ED82CB}.Release|ARM.Build.0 = Release|ARM
		{1477A221-891C-497E-9C36-D8FB59ED82CB}.Release|ARM.Deploy.0 = Release|ARM
		{1477A221-891C-497E-9C36-D8FB59ED82CB}.Release|ARM64.ActiveCfg = Release|ARM64
		{1477A221-891C-497E-9C36-D8FB59ED82CB}.Release|ARM64.Build.0 = Release|ARM64
		{1477A221-891C-497E-9C36-D8FB59ED82CB}.Release|ARM64.Deploy.0 = Release|ARM64
		{1477A221-891C-497E-9C36-D8FB59ED82CB}.Release|x64.ActiveCfg = Release|x64
		{1477A221-891C-497E-9C36-D8FB59ED82CB}.Release|x64.Build.0 = Release|x64
		{1477A221-891C-497E-9C36-D8FB59ED82CB}.Release|x64.Deploy.0 = Release|x64
		{1477A221-891C-497E-9C36-D8FB59ED82CB}.Release|x86.ActiveCfg = Release|x86
		{1477A221-891C-497E-9C36-D8FB59ED82CB}.Release|x86.Build.0 = Release|x86
		{1477A221-891C-497E-9C36-D8FB59ED82CB}.Release|x86.Deploy.0 = Release|x86
		{3A843993-200C-4253-94AA-FD6D67375E39}.Debug|ARM.ActiveCfg = Debug|ARM
		{3A843993-200C-4253-94AA-FD6D67375E39}.Debug|ARM.Build.0 = Debug|ARM
		{3A843993-200C-4253-94AA-FD6D67375E39}.Debug|ARM.Deploy.0 = Debug|ARM
		{3A843993-200C-4253-94AA-FD6D67375E39}.Debug|ARM64.ActiveCfg = Debug|ARM64
		{3A843993-200C-4253-94AA-FD6D67375E39}.Debug|ARM64.Build.0 = Debug|ARM64
		{3A843993-200C-4253-94AA-FD6D67375E39}.Debug|ARM64.Deploy.0 = Debug|ARM64
		{3A843993-200C-4253-94AA-FD6D67375E39}.Debug|x64.ActiveCfg = Debug|x64
		{3A843993-200C-4253-94AA-FD6D67375E39}.Debug|x64.Build.0 = Debug|x64
		{3A843993-200C-4253-94AA-FD6D67375E39}.Debug|x64.Deploy.0 = Debug|x64
		{3A843993-200C-4253-94AA-FD6D67375E39}.Debug|x86.ActiveCfg = Debug|x86
		{3A843993-200C-4253-94AA-FD6D67375E39}.Debug|x86.Build.0 = Debug|x86
		{3A843993-200C-4253-94AA-FD6D67375E39}.Debug|x86.Deploy.0 = Debug|x86
		{3A843993-200C-4253-94AA-FD6D67375E39}.Release|ARM.ActiveCfg = Release|ARM
		{3A843993-200C-4253-94AA-FD6D67375E39}.Release|ARM.Build.0 = Release|ARM
		{3A843993-200C-4253-94AA-FD6D67375E39}.Release|ARM.Deploy.0 = Release|ARM
		{3A843993-200C-4253-94AA-FD6D67375E39}.Release|ARM64.ActiveCfg = Release|ARM64
		{3A843993-200C-4253-94AA-FD6D67375E39}.Release|ARM64.Build.0 = Release|ARM64
		{3A843993-200C-4253-94AA-FD6D67375E39}.Release|ARM64.Deploy.0 = Release|ARM64
		{3A843993-200C-4253-94AA-FD6D67375E39}.Release|x64.ActiveCfg = Release|x64
		{3A843993-200C-4253-94AA-FD6D67375E39}.Release|x64.Build.0 = Release|x64
		{3A843993-200C-4253-94AA-FD6D67375E39}.Release|x64.Deploy.0 = Release|x64
		{3A843993-200C-4253-94AA-FD6D67375E39}.Release|x86.ActiveCfg = Release|x86
		{3A843993-200C-4253-94AA-FD6D67375E39}.Release|x86.Build.0 = Release|x86
		{3A843993-200C-4253-94AA-FD6D67375E39}.Release|x86.Deploy.0 = Release|x86
	EndGlobalSection
	GlobalSection(SolutionProperties) = preSolution
		HideSolutionNode = FALSE
	EndGlobalSection
	GlobalSection(NestedProjects) = preSolution
		{1477A221-891C-497E-9C36-D8FB59ED82CB} = {823F8FD0-B587-4D01-93F1-5AAADD4269EE}
		{3A843993-200C-4253-94AA-FD6D67375E39} = {506C0E74-2B77-4F5F-B2C6-F021401B2128}
	EndGlobalSection
	GlobalSection(ExtensibilityGlobals) = postSolution
		SolutionGuid = {FE6A2C18-D23C-430F-BC95-3D339C85BBCF}
	EndGlobalSection
EndGlobal
